
Microsoft Visual Studio Solution File, Format Version 12.00
# Visual Studio 15
VisualStudioVersion = 15.0.27004.2005
MinimumVisualStudioVersion = 10.0.40219.1
Project("{FAE04EC0-301F-11D3-BF4B-00C04F79EFBC}") = "CalculatorAssigment", "CalculatorAssigment\CalculatorAssigment.csproj", "{C807B9B6-4DE7-4776-ABAD-0CDD1BEFBC4A}"
EndProject
Project("{911E67C6-3D85-4FCE-B560-20A9C3E3FF48}") = "ClassCalculatorAssigment", "E:\2017C#\ClassCalculatorAssigment\ClassCalculatorAssigment\bin\Debug\ClassCalculatorAssigment.exe", "{9ACE9F5B-8F46-44CB-AE13-9353EF6CA0EA}"
	ProjectSection(DebuggerProjectSystem) = preProject
		PortSupplier = 00000000-0000-0000-0000-000000000000
		Executable = E:\2017C#\ClassCalculatorAssigment\ClassCalculatorAssigment\bin\Debug\ClassCalculatorAssigment.exe
		RemoteMachine = DESKTOP-C78EE50
		StartingDirectory = E:\2017C#\ClassCalculatorAssigment\ClassCalculatorAssigment\bin\Debug
		Environment = Default
		LaunchingEngine = 00000000-0000-0000-0000-000000000000
		UseLegacyDebugEngines = No
		LaunchSQLEngine = No
		AttachLaunchAction = No
	EndProjectSection
EndProject
Global
	GlobalSection(SolutionConfigurationPlatforms) = preSolution
		Debug|Any CPU = Debug|Any CPU
		Debug|x86 = Debug|x86
		Release|Any CPU = Release|Any CPU
		Release|x86 = Release|x86
	EndGlobalSection
	GlobalSection(ProjectConfigurationPlatforms) = postSolution
		{C807B9B6-4DE7-4776-ABAD-0CDD1BEFBC4A}.Debug|Any CPU.ActiveCfg = Debug|Any CPU
		{C807B9B6-4DE7-4776-ABAD-0CDD1BEFBC4A}.Debug|Any CPU.Build.0 = Debug|Any CPU
		{C807B9B6-4DE7-4776-ABAD-0CDD1BEFBC4A}.Debug|x86.ActiveCfg = Debug|Any CPU
		{C807B9B6-4DE7-4776-ABAD-0CDD1BEFBC4A}.Debug|x86.Build.0 = Debug|Any CPU
		{C807B9B6-4DE7-4776-ABAD-0CDD1BEFBC4A}.Release|Any CPU.ActiveCfg = Release|Any CPU
		{C807B9B6-4DE7-4776-ABAD-0CDD1BEFBC4A}.Release|Any CPU.Build.0 = Release|Any CPU
		{C807B9B6-4DE7-4776-ABAD-0CDD1BEFBC4A}.Release|x86.ActiveCfg = Release|Any CPU
		{C807B9B6-4DE7-4776-ABAD-0CDD1BEFBC4A}.Release|x86.Build.0 = Release|Any CPU
		{9ACE9F5B-8F46-44CB-AE13-9353EF6CA0EA}.Debug|Any CPU.ActiveCfg = Release|x86
		{9ACE9F5B-8F46-44CB-AE13-9353EF6CA0EA}.Debug|x86.ActiveCfg = Release|x86
		{9ACE9F5B-8F46-44CB-AE13-9353EF6CA0EA}.Release|Any CPU.ActiveCfg = Release|x86
		{9ACE9F5B-8F46-44CB-AE13-9353EF6CA0EA}.Release|x86.ActiveCfg = Release|x86
	EndGlobalSection
	GlobalSection(SolutionProperties) = preSolution
		HideSolutionNode = FALSE
	EndGlobalSection
	GlobalSection(ExtensibilityGlobals) = postSolution
		SolutionGuid = {66CC0F0D-9FB6-4DE9-8C08-0432AA2F3A74}
	EndGlobalSection
EndGlobal
